
Microsoft Visual Studio Solution File, Format Version 12.00
# Visual Studio Version 17
VisualStudioVersion = 17.0.32014.148
MinimumVisualStudioVersion = 10.0.40219.1
Project("{FAE04EC0-301F-11D3-BF4B-00C04F79EFBC}") = "rev omar", "rev omar\rev omar.csproj", "{A91DB7B1-F96C-46AA-B8CD-4CEF770D8389}"
EndProject
Global
	GlobalSection(SolutionConfigurationPlatforms) = preSolution
		Debug|Any CPU = Debug|Any CPU
		Release|Any CPU = Release|Any CPU
	EndGlobalSection
	GlobalSection(ProjectConfigurationPlatforms) = postSolution
		{A91DB7B1-F96C-46AA-B8CD-4CEF770D8389}.Debug|Any CPU.ActiveCfg = Debug|Any CPU
		{A91DB7B1-F96C-46AA-B8CD-4CEF770D8389}.Debug|Any CPU.Build.0 = Debug|Any CPU
		{A91DB7B1-F96C-46AA-B8CD-4CEF770D8389}.Release|Any CPU.ActiveCfg = Release|Any CPU
		{A91DB7B1-F96C-46AA-B8CD-4CEF770D8389}.Release|Any CPU.Build.0 = Release|Any CPU
	EndGlobalSection
	GlobalSection(SolutionProperties) = preSolution
		HideSolutionNode = FALSE
	EndGlobalSection
	GlobalSection(ExtensibilityGlobals) = postSolution
		SolutionGuid = {D5E27A3B-538B-44BC-B1C2-C5E071C453C1}
	EndGlobalSection
EndGlobal
